
Microsoft Visual Studio Solution File, Format Version 12.00
# Visual Studio Version 16
VisualStudioVersion = 16.0.31112.23
MinimumVisualStudioVersion = 10.0.40219.1
Project("{9A19103F-16F7-4668-BE54-9A1E7A4F7556}") = "CompositeAnalysisCore", "CompositeAnalysisCore\CompositeAnalysisCore.csproj", "{ADBF34F5-F67C-4CA2-B9AA-8EA292EA50DC}"
EndProject
Project("{FAE04EC0-301F-11D3-BF4B-00C04F79EFBC}") = "CompositeAnalysisConsole", "CompositeAnalysisConsole\CompositeAnalysisConsole.csproj", "{450523BD-2C25-4397-A43C-6DFD6FB10382}"
EndProject
Global
	GlobalSection(SolutionConfigurationPlatforms) = preSolution
		Debug|Any CPU = Debug|Any CPU
		Release|Any CPU = Release|Any CPU
	EndGlobalSection
	GlobalSection(ProjectConfigurationPlatforms) = postSolution
		{ADBF34F5-F67C-4CA2-B9AA-8EA292EA50DC}.Debug|Any CPU.ActiveCfg = Debug|Any CPU
		{ADBF34F5-F67C-4CA2-B9AA-8EA292EA50DC}.Debug|Any CPU.Build.0 = Debug|Any CPU
		{ADBF34F5-F67C-4CA2-B9AA-8EA292EA50DC}.Release|Any CPU.ActiveCfg = Release|Any CPU
		{ADBF34F5-F67C-4CA2-B9AA-8EA292EA50DC}.Release|Any CPU.Build.0 = Release|Any CPU
		{450523BD-2C25-4397-A43C-6DFD6FB10382}.Debug|Any CPU.ActiveCfg = Debug|Any CPU
		{450523BD-2C25-4397-A43C-6DFD6FB10382}.Debug|Any CPU.Build.0 = Debug|Any CPU
		{450523BD-2C25-4397-A43C-6DFD6FB10382}.Release|Any CPU.ActiveCfg = Release|Any CPU
		{450523BD-2C25-4397-A43C-6DFD6FB10382}.Release|Any CPU.Build.0 = Release|Any CPU
	EndGlobalSection
	GlobalSection(SolutionProperties) = preSolution
		HideSolutionNode = FALSE
	EndGlobalSection
	GlobalSection(ExtensibilityGlobals) = postSolution
		SolutionGuid = {5F295779-FBD4-4547-B42C-54EA72E57C5B}
	EndGlobalSection
EndGlobal
